
Microsoft Visual Studio Solution File, Format Version 12.00
# Visual Studio 2012
Project("{FAE04EC0-301F-11D3-BF4B-00C04F79EFBC}") = "Byggkostnad.Forms", "Byggkostnad.Forms\Byggkostnad.Forms.csproj", "{B84FCEDE-D437-4C62-AF75-3D68CBAAFD9D}"
EndProject
Global
	GlobalSection(SolutionConfigurationPlatforms) = preSolution
		Debug|Any CPU = Debug|Any CPU
		Release|Any CPU = Release|Any CPU
	EndGlobalSection
	GlobalSection(ProjectConfigurationPlatforms) = postSolution
		{B84FCEDE-D437-4C62-AF75-3D68CBAAFD9D}.Debug|Any CPU.ActiveCfg = Debug|Any CPU
		{B84FCEDE-D437-4C62-AF75-3D68CBAAFD9D}.Debug|Any CPU.Build.0 = Debug|Any CPU
		{B84FCEDE-D437-4C62-AF75-3D68CBAAFD9D}.Release|Any CPU.ActiveCfg = Release|Any CPU
		{B84FCEDE-D437-4C62-AF75-3D68CBAAFD9D}.Release|Any CPU.Build.0 = Release|Any CPU
	EndGlobalSection
EndGlobal
